
Microsoft Visual Studio Solution File, Format Version 12.00
# Visual Studio 2013
VisualStudioVersion = 12.0.31101.0
MinimumVisualStudioVersion = 10.0.40219.1
Project("{FAE04EC0-301F-11D3-BF4B-00C04F79EFBC}") = "SiteMovimentoJovem", "SiteMovimentoJovem\SiteMovimentoJovem.csproj", "{316BA0E0-AA09-4C7E-8A9F-528AEA04A5A2}"
EndProject
Project("{FAE04EC0-301F-11D3-BF4B-00C04F79EFBC}") = "SiteCopaMovi", "SiteCopaMovi\SiteCopaMovi.csproj", "{2FC18687-F050-4BA6-8A75-CA71CBF8A992}"
EndProject
Project("{FAE04EC0-301F-11D3-BF4B-00C04F79EFBC}") = "SiteAreaAdministrativa", "SiteAreaAdministrativa\SiteAreaAdministrativa.csproj", "{9626FA75-54BB-401D-82DA-B5AE96279B3A}"
EndProject
Global
	GlobalSection(TeamFoundationVersionControl) = preSolution
		SccNumberOfProjects = 4
		SccEnterpriseProvider = {4CA58AB2-18FA-4F8D-95D4-32DDF27D184C}
		SccTeamFoundationServer = https://projetosporftfolio168.visualstudio.com/defaultcollection
		SccLocalPath0 = .
		SccProjectUniqueName1 = SiteMovimentoJovem\\SiteMovimentoJovem.csproj
		SccProjectName1 = SiteMovimentoJovem
		SccLocalPath1 = SiteMovimentoJovem
		SccProjectUniqueName2 = SiteCopaMovi\\SiteCopaMovi.csproj
		SccProjectName2 = SiteCopaMovi
		SccLocalPath2 = SiteCopaMovi
		SccProjectUniqueName3 = SiteAreaAdministrativa\\SiteAreaAdministrativa.csproj
		SccProjectName3 = SiteAreaAdministrativa
		SccLocalPath3 = SiteAreaAdministrativa
	EndGlobalSection
	GlobalSection(SolutionConfigurationPlatforms) = preSolution
		Debug|Any CPU = Debug|Any CPU
		Release|Any CPU = Release|Any CPU
	EndGlobalSection
	GlobalSection(ProjectConfigurationPlatforms) = postSolution
		{316BA0E0-AA09-4C7E-8A9F-528AEA04A5A2}.Debug|Any CPU.ActiveCfg = Debug|Any CPU
		{316BA0E0-AA09-4C7E-8A9F-528AEA04A5A2}.Debug|Any CPU.Build.0 = Debug|Any CPU
		{316BA0E0-AA09-4C7E-8A9F-528AEA04A5A2}.Release|Any CPU.ActiveCfg = Release|Any CPU
		{316BA0E0-AA09-4C7E-8A9F-528AEA04A5A2}.Release|Any CPU.Build.0 = Release|Any CPU
		{2FC18687-F050-4BA6-8A75-CA71CBF8A992}.Debug|Any CPU.ActiveCfg = Debug|Any CPU
		{2FC18687-F050-4BA6-8A75-CA71CBF8A992}.Debug|Any CPU.Build.0 = Debug|Any CPU
		{2FC18687-F050-4BA6-8A75-CA71CBF8A992}.Release|Any CPU.ActiveCfg = Release|Any CPU
		{2FC18687-F050-4BA6-8A75-CA71CBF8A992}.Release|Any CPU.Build.0 = Release|Any CPU
		{9626FA75-54BB-401D-82DA-B5AE96279B3A}.Debug|Any CPU.ActiveCfg = Debug|Any CPU
		{9626FA75-54BB-401D-82DA-B5AE96279B3A}.Debug|Any CPU.Build.0 = Debug|Any CPU
		{9626FA75-54BB-401D-82DA-B5AE96279B3A}.Release|Any CPU.ActiveCfg = Release|Any CPU
		{9626FA75-54BB-401D-82DA-B5AE96279B3A}.Release|Any CPU.Build.0 = Release|Any CPU
	EndGlobalSection
	GlobalSection(SolutionProperties) = preSolution
		HideSolutionNode = FALSE
	EndGlobalSection
EndGlobal
